// !$*UTF8*$!
{
	archiveVersion = 1;
	classes = {
	};
	objectVersion = 46;
	objects = {

/* Begin PBXBuildFile section */
		BD4277F11DEEEABF00B3710F /* main.m in Sources */ = {isa = PBXBuildFile; fileRef = BD4277F01DEEEABF00B3710F /* main.m */; };
		BD4277F41DEEEABF00B3710F /* AppDelegate.m in Sources */ = {isa = PBXBuildFile; fileRef = BD4277F31DEEEABF00B3710F /* AppDelegate.m */; };
		BD4277F71DEEEABF00B3710F /* ViewController.m in Sources */ = {isa = PBXBuildFile; fileRef = BD4277F61DEEEABF00B3710F /* ViewController.m */; };
		BD4277FA1DEEEABF00B3710F /* Main.storyboard in Resources */ = {isa = PBXBuildFile; fileRef = BD4277F81DEEEABF00B3710F /* Main.storyboard */; };
		BD4277FC1DEEEABF00B3710F /* Assets.xcassets in Resources */ = {isa = PBXBuildFile; fileRef = BD4277FB1DEEEABF00B3710F /* Assets.xcassets */; };
		BD4277FF1DEEEABF00B3710F /* LaunchScreen.storyboard in Resources */ = {isa = PBXBuildFile; fileRef = BD4277FD1DEEEABF00B3710F /* LaunchScreen.storyboard */; };
		BD42780D1DEEEB3200B3710F /* NotificationCenter.framework in Frameworks */ = {isa = PBXBuildFile; fileRef = BD42780C1DEEEB3200B3710F /* NotificationCenter.framework */; };
		BD4278111DEEEB3200B3710F /* TodayViewController.m in Sources */ = {isa = PBXBuildFile; fileRef = BD4278101DEEEB3200B3710F /* TodayViewController.m */; };
		BD4278141DEEEB3200B3710F /* MainInterface.storyboard in Resources */ = {isa = PBXBuildFile; fileRef = BD4278121DEEEB3200B3710F /* MainInterface.storyboard */; };
		BD4278181DEEEB3200B3710F /* WidgetExtension.appex in Embed App Extensions */ = {isa = PBXBuildFile; fileRef = BD42780A1DEEEB3200B3710F /* WidgetExtension.appex */; settings = {ATTRIBUTES = (RemoveHeadersOnCopy, ); }; };
/* End PBXBuildFile section */

/* Begin PBXContainerItemProxy section */
		BD4278161DEEEB3200B3710F /* PBXContainerItemProxy */ = {
			isa = PBXContainerItemProxy;
			containerPortal = BD4277E41DEEEABF00B3710F /* Project object */;
			proxyType = 1;
			remoteGlobalIDString = BD4278091DEEEB3200B3710F;
			remoteInfo = WidgetExtension;
		};
/* End PBXContainerItemProxy section */

/* Begin PBXCopyFilesBuildPhase section */
		BD42781C1DEEEB3200B3710F /* Embed App Extensions */ = {
			isa = PBXCopyFilesBuildPhase;
			buildActionMask = 2147483647;
			dstPath = "";
			dstSubfolderSpec = 13;
			files = (
				BD4278181DEEEB3200B3710F /* WidgetExtension.appex in Embed App Extensions */,
			);
			name = "Embed App Extensions";
			runOnlyForDeploymentPostprocessing = 0;
		};
/* End PBXCopyFilesBuildPhase section */

/* Begin PBXFileReference section */
		BD4277EC1DEEEABF00B3710F /* 3DTouchWidget.app */ = {isa = PBXFileReference; explicitFileType = wrapper.application; includeInIndex = 0; path = 3DTouchWidget.app; sourceTree = BUILT_PRODUCTS_DIR; };
		BD4277F01DEEEABF00B3710F /* main.m */ = {isa = PBXFileReference; lastKnownFileType = sourcecode.c.objc; path = main.m; sourceTree = "<group>"; };
		BD4277F21DEEEABF00B3710F /* AppDelegate.h */ = {isa = PBXFileReference; lastKnownFileType = sourcecode.c.h; path = AppDelegate.h; sourceTree = "<group>"; };
		BD4277F31DEEEABF00B3710F /* AppDelegate.m */ = {isa = PBXFileReference; lastKnownFileType = sourcecode.c.objc; path = AppDelegate.m; sourceTree = "<group>"; };
		BD4277F51DEEEABF00B3710F /* ViewController.h */ = {isa = PBXFileReference; lastKnownFileType = sourcecode.c.h; path = ViewController.h; sourceTree = "<group>"; };
		BD4277F61DEEEABF00B3710F /* ViewController.m */ = {isa = PBXFileReference; lastKnownFileType = sourcecode.c.objc; path = ViewController.m; sourceTree = "<group>"; };
		BD4277F91DEEEABF00B3710F /* Base */ = {isa = PBXFileReference; lastKnownFileType = file.storyboard; name = Base; path = Base.lproj/Main.storyboard; sourceTree = "<group>"; };
		BD4277FB1DEEEABF00B3710F /* Assets.xcassets */ = {isa = PBXFileReference; lastKnownFileType = folder.assetcatalog; path = Assets.xcassets; sourceTree = "<group>"; };
		BD4277FE1DEEEABF00B3710F /* Base */ = {isa = PBXFileReference; lastKnownFileType = file.storyboard; name = Base; path = Base.lproj/LaunchScreen.storyboard; sourceTree = "<group>"; };
		BD4278001DEEEABF00B3710F /* Info.plist */ = {isa = PBXFileReference; lastKnownFileType = text.plist.xml; path = Info.plist; sourceTree = "<group>"; };
		BD42780A1DEEEB3200B3710F /* WidgetExtension.appex */ = {isa = PBXFileReference; explicitFileType = "wrapper.app-extension"; includeInIndex = 0; path = WidgetExtension.appex; sourceTree = BUILT_PRODUCTS_DIR; };
		BD42780C1DEEEB3200B3710F /* NotificationCenter.framework */ = {isa = PBXFileReference; lastKnownFileType = wrapper.framework; name = NotificationCenter.framework; path = System/Library/Frameworks/NotificationCenter.framework; sourceTree = SDKROOT; };
		BD42780F1DEEEB3200B3710F /* TodayViewController.h */ = {isa = PBXFileReference; lastKnownFileType = sourcecode.c.h; path = TodayViewController.h; sourceTree = "<group>"; };
		BD4278101DEEEB3200B3710F /* TodayViewController.m */ = {isa = PBXFileReference; lastKnownFileType = sourcecode.c.objc; path = TodayViewController.m; sourceTree = "<group>"; };
		BD4278131DEEEB3200B3710F /* Base */ = {isa = PBXFileReference; lastKnownFileType = file.storyboard; name = Base; path = Base.lproj/MainInterface.storyboard; sourceTree = "<group>"; };
		BD4278151DEEEB3200B3710F /* Info.plist */ = {isa = PBXFileReference; lastKnownFileType = text.plist.xml; path = Info.plist; sourceTree = "<group>"; };
/* End PBXFileReference section */

/* Begin PBXFrameworksBuildPhase section */
		BD4277E91DEEEABF00B3710F /* Frameworks */ = {
			isa = PBXFrameworksBuildPhase;
			buildActionMask = 2147483647;
			files = (
			);
			runOnlyForDeploymentPostprocessing = 0;
		};
		BD4278071DEEEB3200B3710F /* Frameworks */ = {
			isa = PBXFrameworksBuildPhase;
			buildActionMask = 2147483647;
			files = (
				BD42780D1DEEEB3200B3710F /* NotificationCenter.framework in Frameworks */,
			);
			runOnlyForDeploymentPostprocessing = 0;
		};
/* End PBXFrameworksBuildPhase section */

/* Begin PBXGroup section */
		BD4277E31DEEEABF00B3710F = {
			isa = PBXGroup;
			children = (
				BD4277EE1DEEEABF00B3710F /* 3DTouchWidget */,
				BD42780E1DEEEB3200B3710F /* WidgetExtension */,
				BD42780B1DEEEB3200B3710F /* Frameworks */,
				BD4277ED1DEEEABF00B3710F /* Products */,
			);
			sourceTree = "<group>";
		};
		BD4277ED1DEEEABF00B3710F /* Products */ = {
			isa = PBXGroup;
			children = (
				BD4277EC1DEEEABF00B3710F /* 3DTouchWidget.app */,
				BD42780A1DEEEB3200B3710F /* WidgetExtension.appex */,
			);
			name = Products;
			sourceTree = "<group>";
		};
		BD4277EE1DEEEABF00B3710F /* 3DTouchWidget */ = {
			isa = PBXGroup;
			children = (
				BD4277F21DEEEABF00B3710F /* AppDelegate.h */,
				BD4277F31DEEEABF00B3710F /* AppDelegate.m */,
				BD4277F51DEEEABF00B3710F /* ViewController.h */,
				BD4277F61DEEEABF00B3710F /* ViewController.m */,
				BD4277F81DEEEABF00B3710F /* Main.storyboard */,
				BD4277FB1DEEEABF00B3710F /* Assets.xcassets */,
				BD4277FD1DEEEABF00B3710F /* LaunchScreen.storyboard */,
				BD4278001DEEEABF00B3710F /* Info.plist */,
				BD4277EF1DEEEABF00B3710F /* Supporting Files */,
			);
			path = 3DTouchWidget;
			sourceTree = "<group>";
		};
		BD4277EF1DEEEABF00B3710F /* Supporting Files */ = {
			isa = PBXGroup;
			children = (
				BD4277F01DEEEABF00B3710F /* main.m */,
			);
			name = "Supporting Files";
			sourceTree = "<group>";
		};
		BD42780B1DEEEB3200B3710F /* Frameworks */ = {
			isa = PBXGroup;
			children = (
				BD42780C1DEEEB3200B3710F /* NotificationCenter.framework */,
			);
			name = Frameworks;
			sourceTree = "<group>";
		};
		BD42780E1DEEEB3200B3710F /* WidgetExtension */ = {
			isa = PBXGroup;
			children = (
				BD42780F1DEEEB3200B3710F /* TodayViewController.h */,
				BD4278101DEEEB3200B3710F /* TodayViewController.m */,
				BD4278121DEEEB3200B3710F /* MainInterface.storyboard */,
				BD4278151DEEEB3200B3710F /* Info.plist */,
			);
			path = WidgetExtension;
			sourceTree = "<group>";
		};
/* End PBXGroup section */

/* Begin PBXNativeTarget section */
		BD4277EB1DEEEABF00B3710F /* 3DTouchWidget */ = {
			isa = PBXNativeTarget;
			buildConfigurationList = BD4278031DEEEABF00B3710F /* Build configuration list for PBXNativeTarget "3DTouchWidget" */;
			buildPhases = (
				BD4277E81DEEEABF00B3710F /* Sources */,
				BD4277E91DEEEABF00B3710F /* Frameworks */,
				BD4277EA1DEEEABF00B3710F /* Resources */,
				BD42781C1DEEEB3200B3710F /* Embed App Extensions */,
			);
			buildRules = (
			);
			dependencies = (
				BD4278171DEEEB3200B3710F /* PBXTargetDependency */,
			);
			name = 3DTouchWidget;
			productName = 3DTouchWidget;
			productReference = BD4277EC1DEEEABF00B3710F /* 3DTouchWidget.app */;
			productType = "com.apple.product-type.application";
		};
		BD4278091DEEEB3200B3710F /* WidgetExtension */ = {
			isa = PBXNativeTarget;
			buildConfigurationList = BD4278191DEEEB3200B3710F /* Build configuration list for PBXNativeTarget "WidgetExtension" */;
			buildPhases = (
				BD4278061DEEEB3200B3710F /* Sources */,
				BD4278071DEEEB3200B3710F /* Frameworks */,
				BD4278081DEEEB3200B3710F /* Resources */,
			);
			buildRules = (
			);
			dependencies = (
			);
			name = WidgetExtension;
			productName = WidgetExtension;
			productReference = BD42780A1DEEEB3200B3710F /* WidgetExtension.appex */;
			productType = "com.apple.product-type.app-extension";
		};
/* End PBXNativeTarget section */

/* Begin PBXProject section */
		BD4277E41DEEEABF00B3710F /* Project object */ = {
			isa = PBXProject;
			attributes = {
				LastUpgradeCheck = 0820;
				ORGANIZATIONNAME = "Vadim Koppe";
				TargetAttributes = {
					BD4277EB1DEEEABF00B3710F = {
						CreatedOnToolsVersion = 8.2;
						DevelopmentTeam = 7JK729JZ89;
						ProvisioningStyle = Automatic;
					};
					BD4278091DEEEB3200B3710F = {
						CreatedOnToolsVersion = 8.2;
						DevelopmentTeam = 7JK729JZ89;
						ProvisioningStyle = Automatic;
					};
				};
			};
			buildConfigurationList = BD4277E71DEEEABF00B3710F /* Build configuration list for PBXProject "3DTouchWidget" */;
			compatibilityVersion = "Xcode 3.2";
			developmentRegion = English;
			hasScannedForEncodings = 0;
			knownRegions = (
				en,
				Base,
			);
			mainGroup = BD4277E31DEEEABF00B3710F;
			productRefGroup = BD4277ED1DEEEABF00B3710F /* Products */;
			projectDirPath = "";
			projectRoot = "";
			targets = (
				BD4277EB1DEEEABF00B3710F /* 3DTouchWidget */,
				BD4278091DEEEB3200B3710F /* WidgetExtension */,
			);
		};
/* End PBXProject section */

/* Begin PBXResourcesBuildPhase section */
		BD4277EA1DEEEABF00B3710F /* Resources */ = {
			isa = PBXResourcesBuildPhase;
			buildActionMask = 2147483647;
			files = (
				BD4277FF1DEEEABF00B3710F /* LaunchScreen.storyboard in Resources */,
				BD4277FC1DEEEABF00B3710F /* Assets.xcassets in Resources */,
				BD4277FA1DEEEABF00B3710F /* Main.storyboard in Resources */,
			);
			runOnlyForDeploymentPostprocessing = 0;
		};
		BD4278081DEEEB3200B3710F /* Resources */ = {
			isa = PBXResourcesBuildPhase;
			buildActionMask = 2147483647;
			files = (
				BD4278141DEEEB3200B3710F /* MainInterface.storyboard in Resources */,
			);
			runOnlyForDeploymentPostprocessing = 0;
		};
/* End PBXResourcesBuildPhase section */

/* Begin PBXSourcesBuildPhase section */
		BD4277E81DEEEABF00B3710F /* Sources */ = {
			isa = PBXSourcesBuildPhase;
			buildActionMask = 2147483647;
			files = (
				BD4277F71DEEEABF00B3710F /* ViewController.m in Sources */,
				BD4277F41DEEEABF00B3710F /* AppDelegate.m in Sources */,
				BD4277F11DEEEABF00B3710F /* main.m in Sources */,
			);
			runOnlyForDeploymentPostprocessing = 0;
		};
		BD4278061DEEEB3200B3710F /* Sources */ = {
			isa = PBXSourcesBuildPhase;
			buildActionMask = 2147483647;
			files = (
				BD4278111DEEEB3200B3710F /* TodayViewController.m in Sources */,
			);
			runOnlyForDeploymentPostprocessing = 0;
		};
/* End PBXSourcesBuildPhase section */

/* Begin PBXTargetDependency section */
		BD4278171DEEEB3200B3710F /* PBXTargetDependency */ = {
			isa = PBXTargetDependency;
			target = BD4278091DEEEB3200B3710F /* WidgetExtension */;
			targetProxy = BD4278161DEEEB3200B3710F /* PBXContainerItemProxy */;
		};
/* End PBXTargetDependency section */

/* Begin PBXVariantGroup section */
		BD4277F81DEEEABF00B3710F /* Main.storyboard */ = {
			isa = PBXVariantGroup;
			children = (
				BD4277F91DEEEABF00B3710F /* Base */,
			);
			name = Main.storyboard;
			sourceTree = "<group>";
		};
		BD4277FD1DEEEABF00B3710F /* LaunchScreen.storyboard */ = {
			isa = PBXVariantGroup;
			children = (
				BD4277FE1DEEEABF00B3710F /* Base */,
			);
			name = LaunchScreen.storyboard;
			sourceTree = "<group>";
		};
		BD4278121DEEEB3200B3710F /* MainInterface.storyboard */ = {
			isa = PBXVariantGroup;
			children = (
				BD4278131DEEEB3200B3710F /* Base */,
			);
			name = MainInterface.storyboard;
			sourceTree = "<group>";
		};
/* End PBXVariantGroup section */

/* Begin XCBuildConfiguration section */
		BD4278011DEEEABF00B3710F /* Debug */ = {
			isa = XCBuildConfiguration;
			buildSettings = {
				ALWAYS_SEARCH_USER_PATHS = NO;
				CLANG_ANALYZER_NONNULL = YES;
				CLANG_CXX_LANGUAGE_STANDARD = "gnu++0x";
				CLANG_CXX_LIBRARY = "libc++";
				CLANG_ENABLE_MODULES = YES;
				CLANG_ENABLE_OBJC_ARC = YES;
				CLANG_WARN_BOOL_CONVERSION = YES;
				CLANG_WARN_CONSTANT_CONVERSION = YES;
				CLANG_WARN_DIRECT_OBJC_ISA_USAGE = YES_ERROR;
				CLANG_WARN_DOCUMENTATION_COMMENTS = YES;
				CLANG_WARN_EMPTY_BODY = YES;
				CLANG_WARN_ENUM_CONVERSION = YES;
				CLANG_WARN_INFINITE_RECURSION = YES;
				CLANG_WARN_INT_CONVERSION = YES;
				CLANG_WARN_OBJC_ROOT_CLASS = YES_ERROR;
				CLANG_WARN_SUSPICIOUS_MOVE = YES;
				CLANG_WARN_UNREACHABLE_CODE = YES;
				CLANG_WARN__DUPLICATE_METHOD_MATCH = YES;
				"CODE_SIGN_IDENTITY[sdk=iphoneos*]" = "iPhone Developer";
				COPY_PHASE_STRIP = NO;
				DEBUG_INFORMATION_FORMAT = dwarf;
				ENABLE_STRICT_OBJC_MSGSEND = YES;
				ENABLE_TESTABILITY = YES;
				GCC_C_LANGUAGE_STANDARD = gnu99;
				GCC_DYNAMIC_NO_PIC = NO;
				GCC_NO_COMMON_BLOCKS = YES;
				GCC_OPTIMIZATION_LEVEL = 0;
				GCC_PREPROCESSOR_DEFINITIONS = (
					"DEBUG=1",
					"$(inherited)",
				);
				GCC_WARN_64_TO_32_BIT_CONVERSION = YES;
				GCC_WARN_ABOUT_RETURN_TYPE = YES_ERROR;
				GCC_WARN_UNDECLARED_SELECTOR = YES;
				GCC_WARN_UNINITIALIZED_AUTOS = YES_AGGRESSIVE;
				GCC_WARN_UNUSED_FUNCTION = YES;
				GCC_WARN_UNUSED_VARIABLE = YES;
				IPHONEOS_DEPLOYMENT_TARGET = 10.2;
				MTL_ENABLE_DEBUG_INFO = YES;
				ONLY_ACTIVE_ARCH = YES;
				SDKROOT = iphoneos;
				TARGETED_DEVICE_FAMILY = "1,2";
			};
			name = Debug;
		};
		BD4278021DEEEABF00B3710F /* Release */ = {
			isa = XCBuildConfiguration;
			buildSettings = {
				ALWAYS_SEARCH_USER_PATHS = NO;
				CLANG_ANALYZER_NONNULL = YES;
				CLANG_CXX_LANGUAGE_STANDARD = "gnu++0x";
				CLANG_CXX_LIBRARY = "libc++";
				CLANG_ENABLE_MODULES = YES;
				CLANG_ENABLE_OBJC_ARC = YES;
				CLANG_WARN_BOOL_CONVERSION = YES;
				CLANG_WARN_CONSTANT_CONVERSION = YES;
				CLANG_WARN_DIRECT_OBJC_ISA_USAGE = YES_ERROR;
				CLANG_WARN_DOCUMENTATION_COMMENTS = YES;
				CLANG_WARN_EMPTY_BODY = YES;
				CLANG_WARN_ENUM_CONVERSION = YES;
				CLANG_WARN_INFINITE_RECURSION = YES;
				CLANG_WARN_INT_CONVERSION = YES;
				CLANG_WARN_OBJC_ROOT_CLASS = YES_ERROR;
				CLANG_WARN_SUSPICIOUS_MOVE = YES;
				CLANG_WARN_UNREACHABLE_CODE = YES;
				CLANG_WARN__DUPLICATE_METHOD_MATCH = YES;
				"CODE_SIGN_IDENTITY[sdk=iphoneos*]" = "iPhone Developer";
				COPY_PHASE_STRIP = NO;
				DEBUG_INFORMATION_FORMAT = "dwarf-with-dsym";
				ENABLE_NS_ASSERTIONS = NO;
				ENABLE_STRICT_OBJC_MSGSEND = YES;
				GCC_C_LANGUAGE_STANDARD = gnu99;
				GCC_NO_COMMON_BLOCKS = YES;
				GCC_WARN_64_TO_32_BIT_CONVERSION = YES;
				GCC_WARN_ABOUT_RETURN_TYPE = YES_ERROR;
				GCC_WARN_UNDECLARED_SELECTOR = YES;
				GCC_WARN_UNINITIALIZED_AUTOS = YES_AGGRESSIVE;
				GCC_WARN_UNUSED_FUNCTION = YES;
				GCC_WARN_UNUSED_VARIABLE = YES;
				IPHONEOS_DEPLOYMENT_TARGET = 10.2;
				MTL_ENABLE_DEBUG_INFO = NO;
				SDKROOT = iphoneos;
				TARGETED_DEVICE_FAMILY = "1,2";
				VALIDATE_PRODUCT = YES;
			};
			name = Release;
		};
		BD4278041DEEEABF00B3710F /* Debug */ = {
			isa = XCBuildConfiguration;
			buildSettings = {
				ASSETCATALOG_COMPILER_APPICON_NAME = AppIcon;
				DEVELOPMENT_TEAM = 7JK729JZ89;
				INFOPLIST_FILE = 3DTouchWidget/Info.plist;
				LD_RUNPATH_SEARCH_PATHS = "$(inherited) @executable_path/Frameworks";
				PRODUCT_BUNDLE_IDENTIFIER = "com.akovana.-DTouchWidget";
				PRODUCT_NAME = "$(TARGET_NAME)";
			};
			name = Debug;
		};
		BD4278051DEEEABF00B3710F /* Release */ = {
			isa = XCBuildConfiguration;
			buildSettings = {
				ASSETCATALOG_COMPILER_APPICON_NAME = AppIcon;
				DEVELOPMENT_TEAM = 7JK729JZ89;
				INFOPLIST_FILE = 3DTouchWidget/Info.plist;
				LD_RUNPATH_SEARCH_PATHS = "$(inherited) @executable_path/Frameworks";
				PRODUCT_BUNDLE_IDENTIFIER = "com.akovana.-DTouchWidget";
				PRODUCT_NAME = "$(TARGET_NAME)";
			};
			name = Release;
		};
		BD42781A1DEEEB3200B3710F /* Debug */ = {
			isa = XCBuildConfiguration;
			buildSettings = {
				DEVELOPMENT_TEAM = 7JK729JZ89;
				INFOPLIST_FILE = WidgetExtension/Info.plist;
				LD_RUNPATH_SEARCH_PATHS = "$(inherited) @executable_path/Frameworks @executable_path/../../Frameworks";
				PRODUCT_BUNDLE_IDENTIFIER = "com.akovana.-DTouchWidget.WidgetExtension";
				PRODUCT_NAME = "$(TARGET_NAME)";
				SKIP_INSTALL = YES;
			};
			name = Debug;
		};
		BD42781B1DEEEB3200B3710F /* Release */ = {
			isa = XCBuildConfiguration;
			buildSettings = {
				DEVELOPMENT_TEAM = 7JK729JZ89;
				INFOPLIST_FILE = WidgetExtension/Info.plist;
				LD_RUNPATH_SEARCH_PATHS = "$(inherited) @executable_path/Frameworks @executable_path/../../Frameworks";
				PRODUCT_BUNDLE_IDENTIFIER = "com.akovana.-DTouchWidget.WidgetExtension";
				PRODUCT_NAME = "$(TARGET_NAME)";
				SKIP_INSTALL = YES;
			};
			name = Release;
		};
/* End XCBuildConfiguration section */

/* Begin XCConfigurationList section */
		BD4277E71DEEEABF00B3710F /* Build configuration list for PBXProject "3DTouchWidget" */ = {
			isa = XCConfigurationList;
			buildConfigurations = (
				BD4278011DEEEABF00B3710F /* Debug */,
				BD4278021DEEEABF00B3710F /* Release */,
			);
			defaultConfigurationIsVisible = 0;
			defaultConfigurationName = Release;
		};
		BD4278031DEEEABF00B3710F /* Build configuration list for PBXNativeTarget "3DTouchWidget" */ = {
			isa = XCConfigurationList;
			buildConfigurations = (
				BD4278041DEEEABF00B3710F /* Debug */,
				BD4278051DEEEABF00B3710F /* Release */,
			);
			defaultConfigurationIsVisible = 0;
		};
		BD4278191DEEEB3200B3710F /* Build configuration list for PBXNativeTarget "WidgetExtension" */ = {
			isa = XCConfigurationList;
			buildConfigurations = (
				BD42781A1DEEEB3200B3710F /* Debug */,
				BD42781B1DEEEB3200B3710F /* Release */,
			);
			defaultConfigurationIsVisible = 0;
		};
/* End XCConfigurationList section */
	};
	rootObject = BD4277E41DEEEABF00B3710F /* Project object */;
}
